
Microsoft Visual Studio Solution File, Format Version 12.00
# Visual Studio Version 16
VisualStudioVersion = 16.0.32630.194
MinimumVisualStudioVersion = 10.0.40219.1
Project("{FAE04EC0-301F-11D3-BF4B-00C04F79EFBC}") = "RichTextControls", "RichTextControls\RichTextControls.csproj", "{B9B5F792-FBC4-437F-9B2A-77E554175EB6}"
EndProject
Global
	GlobalSection(SolutionConfigurationPlatforms) = preSolution
		Debug|Any CPU = Debug|Any CPU
		Release|Any CPU = Release|Any CPU
	EndGlobalSection
	GlobalSection(ProjectConfigurationPlatforms) = postSolution
		{B9B5F792-FBC4-437F-9B2A-77E554175EB6}.Debug|Any CPU.ActiveCfg = Debug|Any CPU
		{B9B5F792-FBC4-437F-9B2A-77E554175EB6}.Debug|Any CPU.Build.0 = Debug|Any CPU
		{B9B5F792-FBC4-437F-9B2A-77E554175EB6}.Release|Any CPU.ActiveCfg = Release|Any CPU
		{B9B5F792-FBC4-437F-9B2A-77E554175EB6}.Release|Any CPU.Build.0 = Release|Any CPU
	EndGlobalSection
	GlobalSection(SolutionProperties) = preSolution
		HideSolutionNode = FALSE
	EndGlobalSection
	GlobalSection(ExtensibilityGlobals) = postSolution
		SolutionGuid = {98DC60F8-AFB7-4D75-A31E-1FD25D3FDC42}
	EndGlobalSection
EndGlobal
