
Microsoft Visual Studio Solution File, Format Version 12.00
# Visual Studio Version 16
VisualStudioVersion = 16.0.32630.194
MinimumVisualStudioVersion = 10.0.40219.1
Project("{FAE04EC0-301F-11D3-BF4B-00C04F79EFBC}") = "Dialogs", "Dialogs\Dialogs.csproj", "{0A7996DE-A9C1-4F3A-85DE-7B43247C11D8}"
EndProject
Global
	GlobalSection(SolutionConfigurationPlatforms) = preSolution
		Debug|Any CPU = Debug|Any CPU
		Release|Any CPU = Release|Any CPU
	EndGlobalSection
	GlobalSection(ProjectConfigurationPlatforms) = postSolution
		{0A7996DE-A9C1-4F3A-85DE-7B43247C11D8}.Debug|Any CPU.ActiveCfg = Debug|Any CPU
		{0A7996DE-A9C1-4F3A-85DE-7B43247C11D8}.Debug|Any CPU.Build.0 = Debug|Any CPU
		{0A7996DE-A9C1-4F3A-85DE-7B43247C11D8}.Release|Any CPU.ActiveCfg = Release|Any CPU
		{0A7996DE-A9C1-4F3A-85DE-7B43247C11D8}.Release|Any CPU.Build.0 = Release|Any CPU
	EndGlobalSection
	GlobalSection(SolutionProperties) = preSolution
		HideSolutionNode = FALSE
	EndGlobalSection
	GlobalSection(ExtensibilityGlobals) = postSolution
		SolutionGuid = {106FC648-5E0D-45F1-AC0A-4000F963A8F1}
	EndGlobalSection
EndGlobal
